
Microsoft Visual Studio Solution File, Format Version 12.00
# Visual Studio 15
VisualStudioVersion = 15.0.28307.1082
MinimumVisualStudioVersion = 10.0.40219.1
Project("{8BC9CEB8-8B4A-11D0-8D11-00A0C91BC942}") = "SheepSmartCardDll", "SheepSmartCardDll\SheepSmartCardDll.vcxproj", "{A7FD1589-9245-4161-9276-4AB081438F3D}"
EndProject
Project("{FAE04EC0-301F-11D3-BF4B-00C04F79EFBC}") = "SheepSmartCardSampleCs", "SheepSmartCardSampleCs\SheepSmartCardSampleCs.csproj", "{8E5A7D15-16F6-44CB-89C8-ACC38BEBBAE1}"
EndProject
Project("{F184B08F-C81C-45F6-A57F-5ABD9991F28F}") = "SheepSmartCardSampleVb", "SheepSmartCardSampleVb\SheepSmartCardSampleVb.vbproj", "{19031D2E-2ED4-4848-ADD9-F06BE217CED0}"
EndProject
Global
	GlobalSection(SolutionConfigurationPlatforms) = preSolution
		Debug|Any CPU = Debug|Any CPU
		Debug|x64 = Debug|x64
		Debug|x86 = Debug|x86
		Release|Any CPU = Release|Any CPU
		Release|x64 = Release|x64
		Release|x86 = Release|x86
	EndGlobalSection
	GlobalSection(ProjectConfigurationPlatforms) = postSolution
		{A7FD1589-9245-4161-9276-4AB081438F3D}.Debug|Any CPU.ActiveCfg = Debug|x64
		{A7FD1589-9245-4161-9276-4AB081438F3D}.Debug|Any CPU.Build.0 = Debug|x64
		{A7FD1589-9245-4161-9276-4AB081438F3D}.Debug|x64.ActiveCfg = Debug|x64
		{A7FD1589-9245-4161-9276-4AB081438F3D}.Debug|x64.Build.0 = Debug|x64
		{A7FD1589-9245-4161-9276-4AB081438F3D}.Debug|x86.ActiveCfg = Debug|Win32
		{A7FD1589-9245-4161-9276-4AB081438F3D}.Debug|x86.Build.0 = Debug|Win32
		{A7FD1589-9245-4161-9276-4AB081438F3D}.Release|Any CPU.ActiveCfg = Release|Win32
		{A7FD1589-9245-4161-9276-4AB081438F3D}.Release|x64.ActiveCfg = Release|x64
		{A7FD1589-9245-4161-9276-4AB081438F3D}.Release|x64.Build.0 = Release|x64
		{A7FD1589-9245-4161-9276-4AB081438F3D}.Release|x86.ActiveCfg = Release|Win32
		{A7FD1589-9245-4161-9276-4AB081438F3D}.Release|x86.Build.0 = Release|Win32
		{8E5A7D15-16F6-44CB-89C8-ACC38BEBBAE1}.Debug|Any CPU.ActiveCfg = Debug|Any CPU
		{8E5A7D15-16F6-44CB-89C8-ACC38BEBBAE1}.Debug|Any CPU.Build.0 = Debug|Any CPU
		{8E5A7D15-16F6-44CB-89C8-ACC38BEBBAE1}.Debug|x64.ActiveCfg = Debug|Any CPU
		{8E5A7D15-16F6-44CB-89C8-ACC38BEBBAE1}.Debug|x64.Build.0 = Debug|Any CPU
		{8E5A7D15-16F6-44CB-89C8-ACC38BEBBAE1}.Debug|x86.ActiveCfg = Debug|Any CPU
		{8E5A7D15-16F6-44CB-89C8-ACC38BEBBAE1}.Debug|x86.Build.0 = Debug|Any CPU
		{8E5A7D15-16F6-44CB-89C8-ACC38BEBBAE1}.Release|Any CPU.ActiveCfg = Release|Any CPU
		{8E5A7D15-16F6-44CB-89C8-ACC38BEBBAE1}.Release|Any CPU.Build.0 = Release|Any CPU
		{8E5A7D15-16F6-44CB-89C8-ACC38BEBBAE1}.Release|x64.ActiveCfg = Release|Any CPU
		{8E5A7D15-16F6-44CB-89C8-ACC38BEBBAE1}.Release|x64.Build.0 = Release|Any CPU
		{8E5A7D15-16F6-44CB-89C8-ACC38BEBBAE1}.Release|x86.ActiveCfg = Release|Any CPU
		{8E5A7D15-16F6-44CB-89C8-ACC38BEBBAE1}.Release|x86.Build.0 = Release|Any CPU
		{19031D2E-2ED4-4848-ADD9-F06BE217CED0}.Debug|Any CPU.ActiveCfg = Debug|Any CPU
		{19031D2E-2ED4-4848-ADD9-F06BE217CED0}.Debug|Any CPU.Build.0 = Debug|Any CPU
		{19031D2E-2ED4-4848-ADD9-F06BE217CED0}.Debug|x64.ActiveCfg = Debug|Any CPU
		{19031D2E-2ED4-4848-ADD9-F06BE217CED0}.Debug|x64.Build.0 = Debug|Any CPU
		{19031D2E-2ED4-4848-ADD9-F06BE217CED0}.Debug|x86.ActiveCfg = Debug|Any CPU
		{19031D2E-2ED4-4848-ADD9-F06BE217CED0}.Debug|x86.Build.0 = Debug|Any CPU
		{19031D2E-2ED4-4848-ADD9-F06BE217CED0}.Release|Any CPU.ActiveCfg = Release|Any CPU
		{19031D2E-2ED4-4848-ADD9-F06BE217CED0}.Release|Any CPU.Build.0 = Release|Any CPU
		{19031D2E-2ED4-4848-ADD9-F06BE217CED0}.Release|x64.ActiveCfg = Release|Any CPU
		{19031D2E-2ED4-4848-ADD9-F06BE217CED0}.Release|x64.Build.0 = Release|Any CPU
		{19031D2E-2ED4-4848-ADD9-F06BE217CED0}.Release|x86.ActiveCfg = Release|Any CPU
		{19031D2E-2ED4-4848-ADD9-F06BE217CED0}.Release|x86.Build.0 = Release|Any CPU
	EndGlobalSection
	GlobalSection(SolutionProperties) = preSolution
		HideSolutionNode = FALSE
	EndGlobalSection
	GlobalSection(ExtensibilityGlobals) = postSolution
		SolutionGuid = {B639AAFF-0158-4A7D-B411-032FB4B840ED}
	EndGlobalSection
EndGlobal
